
Microsoft Visual Studio Solution File, Format Version 12.00
# Visual Studio Version 17
VisualStudioVersion = 17.4.32916.344
MinimumVisualStudioVersion = 10.0.40219.1
Project("{9A19103F-16F7-4668-BE54-9A1E7A4F7556}") = "Aigamo.Enzan", "Aigamo.Enzan\Aigamo.Enzan.csproj", "{54FC3085-FBDF-499A-B1D4-41FC415B8B97}"
EndProject
Project("{9A19103F-16F7-4668-BE54-9A1E7A4F7556}") = "Aigamo.Enzan.Tests", "Aigamo.Enzan.Tests\Aigamo.Enzan.Tests.csproj", "{EFEB3DAD-BA52-4AB7-AC53-ED3780838DA4}"
EndProject
Project("{2150E333-8FDC-42A3-9474-1A3956D46DE8}") = "Solution Items", "Solution Items", "{910F076F-76BC-45F1-9A3D-3926D8BAF400}"
	ProjectSection(SolutionItems) = preProject
		.editorconfig = .editorconfig
	EndProjectSection
EndProject
Global
	GlobalSection(SolutionConfigurationPlatforms) = preSolution
		Debug|Any CPU = Debug|Any CPU
		Release|Any CPU = Release|Any CPU
	EndGlobalSection
	GlobalSection(ProjectConfigurationPlatforms) = postSolution
		{54FC3085-FBDF-499A-B1D4-41FC415B8B97}.Debug|Any CPU.ActiveCfg = Debug|Any CPU
		{54FC3085-FBDF-499A-B1D4-41FC415B8B97}.Debug|Any CPU.Build.0 = Debug|Any CPU
		{54FC3085-FBDF-499A-B1D4-41FC415B8B97}.Release|Any CPU.ActiveCfg = Release|Any CPU
		{54FC3085-FBDF-499A-B1D4-41FC415B8B97}.Release|Any CPU.Build.0 = Release|Any CPU
		{EFEB3DAD-BA52-4AB7-AC53-ED3780838DA4}.Debug|Any CPU.ActiveCfg = Debug|Any CPU
		{EFEB3DAD-BA52-4AB7-AC53-ED3780838DA4}.Debug|Any CPU.Build.0 = Debug|Any CPU
		{EFEB3DAD-BA52-4AB7-AC53-ED3780838DA4}.Release|Any CPU.ActiveCfg = Release|Any CPU
		{EFEB3DAD-BA52-4AB7-AC53-ED3780838DA4}.Release|Any CPU.Build.0 = Release|Any CPU
	EndGlobalSection
	GlobalSection(SolutionProperties) = preSolution
		HideSolutionNode = FALSE
	EndGlobalSection
	GlobalSection(ExtensibilityGlobals) = postSolution
		SolutionGuid = {91B89A90-2815-4074-BFC3-D99796AC3915}
	EndGlobalSection
EndGlobal
